
Microsoft Visual Studio Solution File, Format Version 12.00
# Visual Studio Version 17
VisualStudioVersion = 17.0.31903.59
MinimumVisualStudioVersion = 10.0.40219.1
Project("{2150E333-8FDC-42A3-9474-1A3956D46DE8}") = "src", "src", "{827E0CD3-B72D-47B6-A68D-7590B98EB39B}"
EndProject
Project("{FAE04EC0-301F-11D3-BF4B-00C04F79EFBC}") = "WebApi.Domain", "src\WebApi.Domain\WebApi.Domain.csproj", "{F5EE7C89-79B2-4639-AACD-A17F06A2D517}"
EndProject
Project("{FAE04EC0-301F-11D3-BF4B-00C04F79EFBC}") = "WebApi.Contracts", "src\WebApi.Contracts\WebApi.Contracts.csproj", "{DA353FC8-0783-4868-A23D-F21FA8607B45}"
EndProject
Project("{FAE04EC0-301F-11D3-BF4B-00C04F79EFBC}") = "WebApi.Infrastructure", "src\WebApi.Infrastructure\WebApi.Infrastructure.csproj", "{3AA59771-E085-4A9B-944B-BDFBB3FEA807}"
EndProject
Project("{2150E333-8FDC-42A3-9474-1A3956D46DE8}") = "tests", "tests", "{0AB3BF05-4346-4AA6-1389-037BE0695223}"
EndProject
Project("{FAE04EC0-301F-11D3-BF4B-00C04F79EFBC}") = "WebApi.Integration.Tests", "tests\WebApi.Integration.Tests\WebApi.Integration.Tests.csproj", "{6B020A30-7F10-47D9-8BC0-65A71C1F64A5}"
EndProject
Project("{FAE04EC0-301F-11D3-BF4B-00C04F79EFBC}") = "WebApi.Migrator", "src\WebApi.Migrator\WebApi.Migrator.csproj", "{2BEC386E-DB83-490B-B09D-036C1475FD1B}"
EndProject
Project("{FAE04EC0-301F-11D3-BF4B-00C04F79EFBC}") = "WebApi.ControlPlane", "src\WebApi.ControlPlane\WebApi.ControlPlane.csproj", "{B86CE762-47E0-4FBF-80BE-1D9709D61376}"
EndProject
Project("{FAE04EC0-301F-11D3-BF4B-00C04F79EFBC}") = "WebApi.Domain.Tests", "tests\WebApi.Domain.Tests\WebApi.Domain.Tests.csproj", "{41F3C05F-097B-4BAF-93C2-C8A309FBF37B}"
EndProject
Global
	GlobalSection(SolutionConfigurationPlatforms) = preSolution
		Debug|Any CPU = Debug|Any CPU
		Debug|x64 = Debug|x64
		Debug|x86 = Debug|x86
		Release|Any CPU = Release|Any CPU
		Release|x64 = Release|x64
		Release|x86 = Release|x86
	EndGlobalSection
	GlobalSection(ProjectConfigurationPlatforms) = postSolution
		{F5EE7C89-79B2-4639-AACD-A17F06A2D517}.Debug|Any CPU.ActiveCfg = Debug|Any CPU
		{F5EE7C89-79B2-4639-AACD-A17F06A2D517}.Debug|Any CPU.Build.0 = Debug|Any CPU
		{F5EE7C89-79B2-4639-AACD-A17F06A2D517}.Debug|x64.ActiveCfg = Debug|Any CPU
		{F5EE7C89-79B2-4639-AACD-A17F06A2D517}.Debug|x64.Build.0 = Debug|Any CPU
		{F5EE7C89-79B2-4639-AACD-A17F06A2D517}.Debug|x86.ActiveCfg = Debug|Any CPU
		{F5EE7C89-79B2-4639-AACD-A17F06A2D517}.Debug|x86.Build.0 = Debug|Any CPU
		{F5EE7C89-79B2-4639-AACD-A17F06A2D517}.Release|Any CPU.ActiveCfg = Release|Any CPU
		{F5EE7C89-79B2-4639-AACD-A17F06A2D517}.Release|Any CPU.Build.0 = Release|Any CPU
		{F5EE7C89-79B2-4639-AACD-A17F06A2D517}.Release|x64.ActiveCfg = Release|Any CPU
		{F5EE7C89-79B2-4639-AACD-A17F06A2D517}.Release|x64.Build.0 = Release|Any CPU
		{F5EE7C89-79B2-4639-AACD-A17F06A2D517}.Release|x86.ActiveCfg = Release|Any CPU
		{F5EE7C89-79B2-4639-AACD-A17F06A2D517}.Release|x86.Build.0 = Release|Any CPU
		{DA353FC8-0783-4868-A23D-F21FA8607B45}.Debug|Any CPU.ActiveCfg = Debug|Any CPU
		{DA353FC8-0783-4868-A23D-F21FA8607B45}.Debug|Any CPU.Build.0 = Debug|Any CPU
		{DA353FC8-0783-4868-A23D-F21FA8607B45}.Debug|x64.ActiveCfg = Debug|Any CPU
		{DA353FC8-0783-4868-A23D-F21FA8607B45}.Debug|x64.Build.0 = Debug|Any CPU
		{DA353FC8-0783-4868-A23D-F21FA8607B45}.Debug|x86.ActiveCfg = Debug|Any CPU
		{DA353FC8-0783-4868-A23D-F21FA8607B45}.Debug|x86.Build.0 = Debug|Any CPU
		{DA353FC8-0783-4868-A23D-F21FA8607B45}.Release|Any CPU.ActiveCfg = Release|Any CPU
		{DA353FC8-0783-4868-A23D-F21FA8607B45}.Release|Any CPU.Build.0 = Release|Any CPU
		{DA353FC8-0783-4868-A23D-F21FA8607B45}.Release|x64.ActiveCfg = Release|Any CPU
		{DA353FC8-0783-4868-A23D-F21FA8607B45}.Release|x64.Build.0 = Release|Any CPU
		{DA353FC8-0783-4868-A23D-F21FA8607B45}.Release|x86.ActiveCfg = Release|Any CPU
		{DA353FC8-0783-4868-A23D-F21FA8607B45}.Release|x86.Build.0 = Release|Any CPU
		{3AA59771-E085-4A9B-944B-BDFBB3FEA807}.Debug|Any CPU.ActiveCfg = Debug|Any CPU
		{3AA59771-E085-4A9B-944B-BDFBB3FEA807}.Debug|Any CPU.Build.0 = Debug|Any CPU
		{3AA59771-E085-4A9B-944B-BDFBB3FEA807}.Debug|x64.ActiveCfg = Debug|Any CPU
		{3AA59771-E085-4A9B-944B-BDFBB3FEA807}.Debug|x64.Build.0 = Debug|Any CPU
		{3AA59771-E085-4A9B-944B-BDFBB3FEA807}.Debug|x86.ActiveCfg = Debug|Any CPU
		{3AA59771-E085-4A9B-944B-BDFBB3FEA807}.Debug|x86.Build.0 = Debug|Any CPU
		{3AA59771-E085-4A9B-944B-BDFBB3FEA807}.Release|Any CPU.ActiveCfg = Release|Any CPU
		{3AA59771-E085-4A9B-944B-BDFBB3FEA807}.Release|Any CPU.Build.0 = Release|Any CPU
		{3AA59771-E085-4A9B-944B-BDFBB3FEA807}.Release|x64.ActiveCfg = Release|Any CPU
		{3AA59771-E085-4A9B-944B-BDFBB3FEA807}.Release|x64.Build.0 = Release|Any CPU
		{3AA59771-E085-4A9B-944B-BDFBB3FEA807}.Release|x86.ActiveCfg = Release|Any CPU
		{3AA59771-E085-4A9B-944B-BDFBB3FEA807}.Release|x86.Build.0 = Release|Any CPU
		{6B020A30-7F10-47D9-8BC0-65A71C1F64A5}.Debug|Any CPU.ActiveCfg = Debug|Any CPU
		{6B020A30-7F10-47D9-8BC0-65A71C1F64A5}.Debug|Any CPU.Build.0 = Debug|Any CPU
		{6B020A30-7F10-47D9-8BC0-65A71C1F64A5}.Debug|x64.ActiveCfg = Debug|Any CPU
		{6B020A30-7F10-47D9-8BC0-65A71C1F64A5}.Debug|x64.Build.0 = Debug|Any CPU
		{6B020A30-7F10-47D9-8BC0-65A71C1F64A5}.Debug|x86.ActiveCfg = Debug|Any CPU
		{6B020A30-7F10-47D9-8BC0-65A71C1F64A5}.Debug|x86.Build.0 = Debug|Any CPU
		{6B020A30-7F10-47D9-8BC0-65A71C1F64A5}.Release|Any CPU.ActiveCfg = Release|Any CPU
		{6B020A30-7F10-47D9-8BC0-65A71C1F64A5}.Release|Any CPU.Build.0 = Release|Any CPU
		{6B020A30-7F10-47D9-8BC0-65A71C1F64A5}.Release|x64.ActiveCfg = Release|Any CPU
		{6B020A30-7F10-47D9-8BC0-65A71C1F64A5}.Release|x64.Build.0 = Release|Any CPU
		{6B020A30-7F10-47D9-8BC0-65A71C1F64A5}.Release|x86.ActiveCfg = Release|Any CPU
		{6B020A30-7F10-47D9-8BC0-65A71C1F64A5}.Release|x86.Build.0 = Release|Any CPU
		{2BEC386E-DB83-490B-B09D-036C1475FD1B}.Debug|Any CPU.ActiveCfg = Debug|Any CPU
		{2BEC386E-DB83-490B-B09D-036C1475FD1B}.Debug|Any CPU.Build.0 = Debug|Any CPU
		{2BEC386E-DB83-490B-B09D-036C1475FD1B}.Debug|x64.ActiveCfg = Debug|Any CPU
		{2BEC386E-DB83-490B-B09D-036C1475FD1B}.Debug|x64.Build.0 = Debug|Any CPU
		{2BEC386E-DB83-490B-B09D-036C1475FD1B}.Debug|x86.ActiveCfg = Debug|Any CPU
		{2BEC386E-DB83-490B-B09D-036C1475FD1B}.Debug|x86.Build.0 = Debug|Any CPU
		{2BEC386E-DB83-490B-B09D-036C1475FD1B}.Release|Any CPU.ActiveCfg = Release|Any CPU
		{2BEC386E-DB83-490B-B09D-036C1475FD1B}.Release|Any CPU.Build.0 = Release|Any CPU
		{2BEC386E-DB83-490B-B09D-036C1475FD1B}.Release|x64.ActiveCfg = Release|Any CPU
		{2BEC386E-DB83-490B-B09D-036C1475FD1B}.Release|x64.Build.0 = Release|Any CPU
		{2BEC386E-DB83-490B-B09D-036C1475FD1B}.Release|x86.ActiveCfg = Release|Any CPU
		{2BEC386E-DB83-490B-B09D-036C1475FD1B}.Release|x86.Build.0 = Release|Any CPU
		{B86CE762-47E0-4FBF-80BE-1D9709D61376}.Debug|Any CPU.ActiveCfg = Debug|Any CPU
		{B86CE762-47E0-4FBF-80BE-1D9709D61376}.Debug|Any CPU.Build.0 = Debug|Any CPU
		{B86CE762-47E0-4FBF-80BE-1D9709D61376}.Debug|x64.ActiveCfg = Debug|Any CPU
		{B86CE762-47E0-4FBF-80BE-1D9709D61376}.Debug|x64.Build.0 = Debug|Any CPU
		{B86CE762-47E0-4FBF-80BE-1D9709D61376}.Debug|x86.ActiveCfg = Debug|Any CPU
		{B86CE762-47E0-4FBF-80BE-1D9709D61376}.Debug|x86.Build.0 = Debug|Any CPU
		{B86CE762-47E0-4FBF-80BE-1D9709D61376}.Release|Any CPU.ActiveCfg = Release|Any CPU
		{B86CE762-47E0-4FBF-80BE-1D9709D61376}.Release|Any CPU.Build.0 = Release|Any CPU
		{B86CE762-47E0-4FBF-80BE-1D9709D61376}.Release|x64.ActiveCfg = Release|Any CPU
		{B86CE762-47E0-4FBF-80BE-1D9709D61376}.Release|x64.Build.0 = Release|Any CPU
		{B86CE762-47E0-4FBF-80BE-1D9709D61376}.Release|x86.ActiveCfg = Release|Any CPU
		{B86CE762-47E0-4FBF-80BE-1D9709D61376}.Release|x86.Build.0 = Release|Any CPU
		{41F3C05F-097B-4BAF-93C2-C8A309FBF37B}.Debug|Any CPU.ActiveCfg = Debug|Any CPU
		{41F3C05F-097B-4BAF-93C2-C8A309FBF37B}.Debug|Any CPU.Build.0 = Debug|Any CPU
		{41F3C05F-097B-4BAF-93C2-C8A309FBF37B}.Debug|x64.ActiveCfg = Debug|Any CPU
		{41F3C05F-097B-4BAF-93C2-C8A309FBF37B}.Debug|x64.Build.0 = Debug|Any CPU
		{41F3C05F-097B-4BAF-93C2-C8A309FBF37B}.Debug|x86.ActiveCfg = Debug|Any CPU
		{41F3C05F-097B-4BAF-93C2-C8A309FBF37B}.Debug|x86.Build.0 = Debug|Any CPU
		{41F3C05F-097B-4BAF-93C2-C8A309FBF37B}.Release|Any CPU.ActiveCfg = Release|Any CPU
		{41F3C05F-097B-4BAF-93C2-C8A309FBF37B}.Release|Any CPU.Build.0 = Release|Any CPU
		{41F3C05F-097B-4BAF-93C2-C8A309FBF37B}.Release|x64.ActiveCfg = Release|Any CPU
		{41F3C05F-097B-4BAF-93C2-C8A309FBF37B}.Release|x64.Build.0 = Release|Any CPU
		{41F3C05F-097B-4BAF-93C2-C8A309FBF37B}.Release|x86.ActiveCfg = Release|Any CPU
		{41F3C05F-097B-4BAF-93C2-C8A309FBF37B}.Release|x86.Build.0 = Release|Any CPU
	EndGlobalSection
	GlobalSection(SolutionProperties) = preSolution
		HideSolutionNode = FALSE
	EndGlobalSection
	GlobalSection(NestedProjects) = preSolution
		{F5EE7C89-79B2-4639-AACD-A17F06A2D517} = {827E0CD3-B72D-47B6-A68D-7590B98EB39B}
		{DA353FC8-0783-4868-A23D-F21FA8607B45} = {827E0CD3-B72D-47B6-A68D-7590B98EB39B}
		{3AA59771-E085-4A9B-944B-BDFBB3FEA807} = {827E0CD3-B72D-47B6-A68D-7590B98EB39B}
		{6B020A30-7F10-47D9-8BC0-65A71C1F64A5} = {0AB3BF05-4346-4AA6-1389-037BE0695223}
		{2BEC386E-DB83-490B-B09D-036C1475FD1B} = {827E0CD3-B72D-47B6-A68D-7590B98EB39B}
		{B86CE762-47E0-4FBF-80BE-1D9709D61376} = {827E0CD3-B72D-47B6-A68D-7590B98EB39B}
		{41F3C05F-097B-4BAF-93C2-C8A309FBF37B} = {0AB3BF05-4346-4AA6-1389-037BE0695223}
	EndGlobalSection
EndGlobal
