
Microsoft Visual Studio Solution File, Format Version 12.00
# Visual Studio Version 17
VisualStudioVersion = 17.0.31903.59
MinimumVisualStudioVersion = 10.0.40219.1
Project("{2150E333-8FDC-42A3-9474-1A3956D46DE8}") = "src", "src", "{827E0CD3-B72D-47B6-A68D-7590B98EB39B}"
EndProject
Project("{FAE04EC0-301F-11D3-BF4B-00C04F79EFBC}") = "WebApi.Domain", "src\WebApi.Domain\WebApi.Domain.csproj", "{F5EE7C89-79B2-4639-AACD-A17F06A2D517}"
EndProject
Project("{FAE04EC0-301F-11D3-BF4B-00C04F79EFBC}") = "WebApi.Contracts", "src\WebApi.Contracts\WebApi.Contracts.csproj", "{DA353FC8-0783-4868-A23D-F21FA8607B45}"
EndProject
Project("{FAE04EC0-301F-11D3-BF4B-00C04F79EFBC}") = "WebApi.Infrastructure", "src\WebApi.Infrastructure\WebApi.Infrastructure.csproj", "{3AA59771-E085-4A9B-944B-BDFBB3FEA807}"
EndProject
Project("{2150E333-8FDC-42A3-9474-1A3956D46DE8}") = "tests", "tests", "{0AB3BF05-4346-4AA6-1389-037BE0695223}"
EndProject
Project("{FAE04EC0-301F-11D3-BF4B-00C04F79EFBC}") = "WebApi.Integration.Tests", "tests\WebApi.Integration.Tests\WebApi.Integration.Tests.csproj", "{6B020A30-7F10-47D9-8BC0-65A71C1F64A5}"
EndProject
Project("{FAE04EC0-301F-11D3-BF4B-00C04F79EFBC}") = "WebApi.Migrator", "src\WebApi.Migrator\WebApi.Migrator.csproj", "{2BEC386E-DB83-490B-B09D-036C1475FD1B}"
EndProject
Project("{FAE04EC0-301F-11D3-BF4B-00C04F79EFBC}") = "WebApi.ControlPlane", "src\WebApi.ControlPlane\WebApi.ControlPlane.csproj", "{B86CE762-47E0-4FBF-80BE-1D9709D61376}"
EndProject
Project("{FAE04EC0-301F-11D3-BF4B-00C04F79EFBC}") = "WebApi.Domain.Tests", "tests\WebApi.Domain.Tests\WebApi.Domain.Tests.csproj", "{41F3C05F-097B-4BAF-93C2-C8A309FBF37B}"
EndProject
Project("{FAE04EC0-301F-11D3-BF4B-00C04F79EFBC}") = "WebApi.Worker", "src\WebApi.Worker\WebApi.Worker.csproj", "{4318B632-F4F7-40F9-A8FF-5D81E619851A}"
EndProject
Project("{FAE04EC0-301F-11D3-BF4B-00C04F79EFBC}") = "WebApi.Gateway", "src\WebApi.Gateway\WebApi.Gateway.csproj", "{D073641F-CE8E-4F3C-882B-0482755FCF19}"
EndProject
Project("{FAE04EC0-301F-11D3-BF4B-00C04F79EFBC}") = "WebApi.TestBackend", "src\WebApi.TestBackend\WebApi.TestBackend.csproj", "{2B0DEC45-D5CF-4EF2-9996-EECCE52554CF}"
EndProject
Project("{FAE04EC0-301F-11D3-BF4B-00C04F79EFBC}") = "WebApi.TestSupport", "tests\WebApi.TestSupport\WebApi.TestSupport.csproj", "{D3BBDBEE-AED2-4E40-896A-56019A75A1B3}"
EndProject
Project("{FAE04EC0-301F-11D3-BF4B-00C04F79EFBC}") = "WebApi.Gateway.Tests", "tests\WebApi.Gateway.Tests\WebApi.Gateway.Tests.csproj", "{D8BDABF3-051D-42A6-80D5-C5DAF02F795F}"
EndProject
Project("{FAE04EC0-301F-11D3-BF4B-00C04F79EFBC}") = "WebApi.ConsoleHost", "src\WebApi.ConsoleHost\WebApi.ConsoleHost.csproj", "{B8AB3CD5-BFBD-4697-966F-4C7B080DDF82}"
EndProject
Project("{FAE04EC0-301F-11D3-BF4B-00C04F79EFBC}") = "WebApi.EndToEnd.Tests", "tests\WebApi.EndToEnd.Tests\WebApi.EndToEnd.Tests.csproj", "{B64F381F-EFA5-453D-B8E9-B3D443D6D6FA}"
EndProject
Global
	GlobalSection(SolutionConfigurationPlatforms) = preSolution
		Debug|Any CPU = Debug|Any CPU
		Debug|x64 = Debug|x64
		Debug|x86 = Debug|x86
		Release|Any CPU = Release|Any CPU
		Release|x64 = Release|x64
		Release|x86 = Release|x86
	EndGlobalSection
	GlobalSection(ProjectConfigurationPlatforms) = postSolution
		{F5EE7C89-79B2-4639-AACD-A17F06A2D517}.Debug|Any CPU.ActiveCfg = Debug|Any CPU
		{F5EE7C89-79B2-4639-AACD-A17F06A2D517}.Debug|Any CPU.Build.0 = Debug|Any CPU
		{F5EE7C89-79B2-4639-AACD-A17F06A2D517}.Debug|x64.ActiveCfg = Debug|Any CPU
		{F5EE7C89-79B2-4639-AACD-A17F06A2D517}.Debug|x64.Build.0 = Debug|Any CPU
		{F5EE7C89-79B2-4639-AACD-A17F06A2D517}.Debug|x86.ActiveCfg = Debug|Any CPU
		{F5EE7C89-79B2-4639-AACD-A17F06A2D517}.Debug|x86.Build.0 = Debug|Any CPU
		{F5EE7C89-79B2-4639-AACD-A17F06A2D517}.Release|Any CPU.ActiveCfg = Release|Any CPU
		{F5EE7C89-79B2-4639-AACD-A17F06A2D517}.Release|Any CPU.Build.0 = Release|Any CPU
		{F5EE7C89-79B2-4639-AACD-A17F06A2D517}.Release|x64.ActiveCfg = Release|Any CPU
		{F5EE7C89-79B2-4639-AACD-A17F06A2D517}.Release|x64.Build.0 = Release|Any CPU
		{F5EE7C89-79B2-4639-AACD-A17F06A2D517}.Release|x86.ActiveCfg = Release|Any CPU
		{F5EE7C89-79B2-4639-AACD-A17F06A2D517}.Release|x86.Build.0 = Release|Any CPU
		{DA353FC8-0783-4868-A23D-F21FA8607B45}.Debug|Any CPU.ActiveCfg = Debug|Any CPU
		{DA353FC8-0783-4868-A23D-F21FA8607B45}.Debug|Any CPU.Build.0 = Debug|Any CPU
		{DA353FC8-0783-4868-A23D-F21FA8607B45}.Debug|x64.ActiveCfg = Debug|Any CPU
		{DA353FC8-0783-4868-A23D-F21FA8607B45}.Debug|x64.Build.0 = Debug|Any CPU
		{DA353FC8-0783-4868-A23D-F21FA8607B45}.Debug|x86.ActiveCfg = Debug|Any CPU
		{DA353FC8-0783-4868-A23D-F21FA8607B45}.Debug|x86.Build.0 = Debug|Any CPU
		{DA353FC8-0783-4868-A23D-F21FA8607B45}.Release|Any CPU.ActiveCfg = Release|Any CPU
		{DA353FC8-0783-4868-A23D-F21FA8607B45}.Release|Any CPU.Build.0 = Release|Any CPU
		{DA353FC8-0783-4868-A23D-F21FA8607B45}.Release|x64.ActiveCfg = Release|Any CPU
		{DA353FC8-0783-4868-A23D-F21FA8607B45}.Release|x64.Build.0 = Release|Any CPU
		{DA353FC8-0783-4868-A23D-F21FA8607B45}.Release|x86.ActiveCfg = Release|Any CPU
		{DA353FC8-0783-4868-A23D-F21FA8607B45}.Release|x86.Build.0 = Release|Any CPU
		{3AA59771-E085-4A9B-944B-BDFBB3FEA807}.Debug|Any CPU.ActiveCfg = Debug|Any CPU
		{3AA59771-E085-4A9B-944B-BDFBB3FEA807}.Debug|Any CPU.Build.0 = Debug|Any CPU
		{3AA59771-E085-4A9B-944B-BDFBB3FEA807}.Debug|x64.ActiveCfg = Debug|Any CPU
		{3AA59771-E085-4A9B-944B-BDFBB3FEA807}.Debug|x64.Build.0 = Debug|Any CPU
		{3AA59771-E085-4A9B-944B-BDFBB3FEA807}.Debug|x86.ActiveCfg = Debug|Any CPU
		{3AA59771-E085-4A9B-944B-BDFBB3FEA807}.Debug|x86.Build.0 = Debug|Any CPU
		{3AA59771-E085-4A9B-944B-BDFBB3FEA807}.Release|Any CPU.ActiveCfg = Release|Any CPU
		{3AA59771-E085-4A9B-944B-BDFBB3FEA807}.Release|Any CPU.Build.0 = Release|Any CPU
		{3AA59771-E085-4A9B-944B-BDFBB3FEA807}.Release|x64.ActiveCfg = Release|Any CPU
		{3AA59771-E085-4A9B-944B-BDFBB3FEA807}.Release|x64.Build.0 = Release|Any CPU
		{3AA59771-E085-4A9B-944B-BDFBB3FEA807}.Release|x86.ActiveCfg = Release|Any CPU
		{3AA59771-E085-4A9B-944B-BDFBB3FEA807}.Release|x86.Build.0 = Release|Any CPU
		{6B020A30-7F10-47D9-8BC0-65A71C1F64A5}.Debug|Any CPU.ActiveCfg = Debug|Any CPU
		{6B020A30-7F10-47D9-8BC0-65A71C1F64A5}.Debug|Any CPU.Build.0 = Debug|Any CPU
		{6B020A30-7F10-47D9-8BC0-65A71C1F64A5}.Debug|x64.ActiveCfg = Debug|Any CPU
		{6B020A30-7F10-47D9-8BC0-65A71C1F64A5}.Debug|x64.Build.0 = Debug|Any CPU
		{6B020A30-7F10-47D9-8BC0-65A71C1F64A5}.Debug|x86.ActiveCfg = Debug|Any CPU
		{6B020A30-7F10-47D9-8BC0-65A71C1F64A5}.Debug|x86.Build.0 = Debug|Any CPU
		{6B020A30-7F10-47D9-8BC0-65A71C1F64A5}.Release|Any CPU.ActiveCfg = Release|Any CPU
		{6B020A30-7F10-47D9-8BC0-65A71C1F64A5}.Release|Any CPU.Build.0 = Release|Any CPU
		{6B020A30-7F10-47D9-8BC0-65A71C1F64A5}.Release|x64.ActiveCfg = Release|Any CPU
		{6B020A30-7F10-47D9-8BC0-65A71C1F64A5}.Release|x64.Build.0 = Release|Any CPU
		{6B020A30-7F10-47D9-8BC0-65A71C1F64A5}.Release|x86.ActiveCfg = Release|Any CPU
		{6B020A30-7F10-47D9-8BC0-65A71C1F64A5}.Release|x86.Build.0 = Release|Any CPU
		{2BEC386E-DB83-490B-B09D-036C1475FD1B}.Debug|Any CPU.ActiveCfg = Debug|Any CPU
		{2BEC386E-DB83-490B-B09D-036C1475FD1B}.Debug|Any CPU.Build.0 = Debug|Any CPU
		{2BEC386E-DB83-490B-B09D-036C1475FD1B}.Debug|x64.ActiveCfg = Debug|Any CPU
		{2BEC386E-DB83-490B-B09D-036C1475FD1B}.Debug|x64.Build.0 = Debug|Any CPU
		{2BEC386E-DB83-490B-B09D-036C1475FD1B}.Debug|x86.ActiveCfg = Debug|Any CPU
		{2BEC386E-DB83-490B-B09D-036C1475FD1B}.Debug|x86.Build.0 = Debug|Any CPU
		{2BEC386E-DB83-490B-B09D-036C1475FD1B}.Release|Any CPU.ActiveCfg = Release|Any CPU
		{2BEC386E-DB83-490B-B09D-036C1475FD1B}.Release|Any CPU.Build.0 = Release|Any CPU
		{2BEC386E-DB83-490B-B09D-036C1475FD1B}.Release|x64.ActiveCfg = Release|Any CPU
		{2BEC386E-DB83-490B-B09D-036C1475FD1B}.Release|x64.Build.0 = Release|Any CPU
		{2BEC386E-DB83-490B-B09D-036C1475FD1B}.Release|x86.ActiveCfg = Release|Any CPU
		{2BEC386E-DB83-490B-B09D-036C1475FD1B}.Release|x86.Build.0 = Release|Any CPU
		{B86CE762-47E0-4FBF-80BE-1D9709D61376}.Debug|Any CPU.ActiveCfg = Debug|Any CPU
		{B86CE762-47E0-4FBF-80BE-1D9709D61376}.Debug|Any CPU.Build.0 = Debug|Any CPU
		{B86CE762-47E0-4FBF-80BE-1D9709D61376}.Debug|x64.ActiveCfg = Debug|Any CPU
		{B86CE762-47E0-4FBF-80BE-1D9709D61376}.Debug|x64.Build.0 = Debug|Any CPU
		{B86CE762-47E0-4FBF-80BE-1D9709D61376}.Debug|x86.ActiveCfg = Debug|Any CPU
		{B86CE762-47E0-4FBF-80BE-1D9709D61376}.Debug|x86.Build.0 = Debug|Any CPU
		{B86CE762-47E0-4FBF-80BE-1D9709D61376}.Release|Any CPU.ActiveCfg = Release|Any CPU
		{B86CE762-47E0-4FBF-80BE-1D9709D61376}.Release|Any CPU.Build.0 = Release|Any CPU
		{B86CE762-47E0-4FBF-80BE-1D9709D61376}.Release|x64.ActiveCfg = Release|Any CPU
		{B86CE762-47E0-4FBF-80BE-1D9709D61376}.Release|x64.Build.0 = Release|Any CPU
		{B86CE762-47E0-4FBF-80BE-1D9709D61376}.Release|x86.ActiveCfg = Release|Any CPU
		{B86CE762-47E0-4FBF-80BE-1D9709D61376}.Release|x86.Build.0 = Release|Any CPU
		{41F3C05F-097B-4BAF-93C2-C8A309FBF37B}.Debug|Any CPU.ActiveCfg = Debug|Any CPU
		{41F3C05F-097B-4BAF-93C2-C8A309FBF37B}.Debug|Any CPU.Build.0 = Debug|Any CPU
		{41F3C05F-097B-4BAF-93C2-C8A309FBF37B}.Debug|x64.ActiveCfg = Debug|Any CPU
		{41F3C05F-097B-4BAF-93C2-C8A309FBF37B}.Debug|x64.Build.0 = Debug|Any CPU
		{41F3C05F-097B-4BAF-93C2-C8A309FBF37B}.Debug|x86.ActiveCfg = Debug|Any CPU
		{41F3C05F-097B-4BAF-93C2-C8A309FBF37B}.Debug|x86.Build.0 = Debug|Any CPU
		{41F3C05F-097B-4BAF-93C2-C8A309FBF37B}.Release|Any CPU.ActiveCfg = Release|Any CPU
		{41F3C05F-097B-4BAF-93C2-C8A309FBF37B}.Release|Any CPU.Build.0 = Release|Any CPU
		{41F3C05F-097B-4BAF-93C2-C8A309FBF37B}.Release|x64.ActiveCfg = Release|Any CPU
		{41F3C05F-097B-4BAF-93C2-C8A309FBF37B}.Release|x64.Build.0 = Release|Any CPU
		{41F3C05F-097B-4BAF-93C2-C8A309FBF37B}.Release|x86.ActiveCfg = Release|Any CPU
		{41F3C05F-097B-4BAF-93C2-C8A309FBF37B}.Release|x86.Build.0 = Release|Any CPU
		{4318B632-F4F7-40F9-A8FF-5D81E619851A}.Debug|Any CPU.ActiveCfg = Debug|Any CPU
		{4318B632-F4F7-40F9-A8FF-5D81E619851A}.Debug|Any CPU.Build.0 = Debug|Any CPU
		{4318B632-F4F7-40F9-A8FF-5D81E619851A}.Debug|x64.ActiveCfg = Debug|Any CPU
		{4318B632-F4F7-40F9-A8FF-5D81E619851A}.Debug|x64.Build.0 = Debug|Any CPU
		{4318B632-F4F7-40F9-A8FF-5D81E619851A}.Debug|x86.ActiveCfg = Debug|Any CPU
		{4318B632-F4F7-40F9-A8FF-5D81E619851A}.Debug|x86.Build.0 = Debug|Any CPU
		{4318B632-F4F7-40F9-A8FF-5D81E619851A}.Release|Any CPU.ActiveCfg = Release|Any CPU
		{4318B632-F4F7-40F9-A8FF-5D81E619851A}.Release|Any CPU.Build.0 = Release|Any CPU
		{4318B632-F4F7-40F9-A8FF-5D81E619851A}.Release|x64.ActiveCfg = Release|Any CPU
		{4318B632-F4F7-40F9-A8FF-5D81E619851A}.Release|x64.Build.0 = Release|Any CPU
		{4318B632-F4F7-40F9-A8FF-5D81E619851A}.Release|x86.ActiveCfg = Release|Any CPU
		{4318B632-F4F7-40F9-A8FF-5D81E619851A}.Release|x86.Build.0 = Release|Any CPU
		{D073641F-CE8E-4F3C-882B-0482755FCF19}.Debug|Any CPU.ActiveCfg = Debug|Any CPU
		{D073641F-CE8E-4F3C-882B-0482755FCF19}.Debug|Any CPU.Build.0 = Debug|Any CPU
		{D073641F-CE8E-4F3C-882B-0482755FCF19}.Debug|x64.ActiveCfg = Debug|Any CPU
		{D073641F-CE8E-4F3C-882B-0482755FCF19}.Debug|x64.Build.0 = Debug|Any CPU
		{D073641F-CE8E-4F3C-882B-0482755FCF19}.Debug|x86.ActiveCfg = Debug|Any CPU
		{D073641F-CE8E-4F3C-882B-0482755FCF19}.Debug|x86.Build.0 = Debug|Any CPU
		{D073641F-CE8E-4F3C-882B-0482755FCF19}.Release|Any CPU.ActiveCfg = Release|Any CPU
		{D073641F-CE8E-4F3C-882B-0482755FCF19}.Release|Any CPU.Build.0 = Release|Any CPU
		{D073641F-CE8E-4F3C-882B-0482755FCF19}.Release|x64.ActiveCfg = Release|Any CPU
		{D073641F-CE8E-4F3C-882B-0482755FCF19}.Release|x64.Build.0 = Release|Any CPU
		{D073641F-CE8E-4F3C-882B-0482755FCF19}.Release|x86.ActiveCfg = Release|Any CPU
		{D073641F-CE8E-4F3C-882B-0482755FCF19}.Release|x86.Build.0 = Release|Any CPU
		{2B0DEC45-D5CF-4EF2-9996-EECCE52554CF}.Debug|Any CPU.ActiveCfg = Debug|Any CPU
		{2B0DEC45-D5CF-4EF2-9996-EECCE52554CF}.Debug|Any CPU.Build.0 = Debug|Any CPU
		{2B0DEC45-D5CF-4EF2-9996-EECCE52554CF}.Debug|x64.ActiveCfg = Debug|Any CPU
		{2B0DEC45-D5CF-4EF2-9996-EECCE52554CF}.Debug|x64.Build.0 = Debug|Any CPU
		{2B0DEC45-D5CF-4EF2-9996-EECCE52554CF}.Debug|x86.ActiveCfg = Debug|Any CPU
		{2B0DEC45-D5CF-4EF2-9996-EECCE52554CF}.Debug|x86.Build.0 = Debug|Any CPU
		{2B0DEC45-D5CF-4EF2-9996-EECCE52554CF}.Release|Any CPU.ActiveCfg = Release|Any CPU
		{2B0DEC45-D5CF-4EF2-9996-EECCE52554CF}.Release|Any CPU.Build.0 = Release|Any CPU
		{2B0DEC45-D5CF-4EF2-9996-EECCE52554CF}.Release|x64.ActiveCfg = Release|Any CPU
		{2B0DEC45-D5CF-4EF2-9996-EECCE52554CF}.Release|x64.Build.0 = Release|Any CPU
		{2B0DEC45-D5CF-4EF2-9996-EECCE52554CF}.Release|x86.ActiveCfg = Release|Any CPU
		{2B0DEC45-D5CF-4EF2-9996-EECCE52554CF}.Release|x86.Build.0 = Release|Any CPU
		{D3BBDBEE-AED2-4E40-896A-56019A75A1B3}.Debug|Any CPU.ActiveCfg = Debug|Any CPU
		{D3BBDBEE-AED2-4E40-896A-56019A75A1B3}.Debug|Any CPU.Build.0 = Debug|Any CPU
		{D3BBDBEE-AED2-4E40-896A-56019A75A1B3}.Debug|x64.ActiveCfg = Debug|Any CPU
		{D3BBDBEE-AED2-4E40-896A-56019A75A1B3}.Debug|x64.Build.0 = Debug|Any CPU
		{D3BBDBEE-AED2-4E40-896A-56019A75A1B3}.Debug|x86.ActiveCfg = Debug|Any CPU
		{D3BBDBEE-AED2-4E40-896A-56019A75A1B3}.Debug|x86.Build.0 = Debug|Any CPU
		{D3BBDBEE-AED2-4E40-896A-56019A75A1B3}.Release|Any CPU.ActiveCfg = Release|Any CPU
		{D3BBDBEE-AED2-4E40-896A-56019A75A1B3}.Release|Any CPU.Build.0 = Release|Any CPU
		{D3BBDBEE-AED2-4E40-896A-56019A75A1B3}.Release|x64.ActiveCfg = Release|Any CPU
		{D3BBDBEE-AED2-4E40-896A-56019A75A1B3}.Release|x64.Build.0 = Release|Any CPU
		{D3BBDBEE-AED2-4E40-896A-56019A75A1B3}.Release|x86.ActiveCfg = Release|Any CPU
		{D3BBDBEE-AED2-4E40-896A-56019A75A1B3}.Release|x86.Build.0 = Release|Any CPU
		{D8BDABF3-051D-42A6-80D5-C5DAF02F795F}.Debug|Any CPU.ActiveCfg = Debug|Any CPU
		{D8BDABF3-051D-42A6-80D5-C5DAF02F795F}.Debug|Any CPU.Build.0 = Debug|Any CPU
		{D8BDABF3-051D-42A6-80D5-C5DAF02F795F}.Debug|x64.ActiveCfg = Debug|Any CPU
		{D8BDABF3-051D-42A6-80D5-C5DAF02F795F}.Debug|x64.Build.0 = Debug|Any CPU
		{D8BDABF3-051D-42A6-80D5-C5DAF02F795F}.Debug|x86.ActiveCfg = Debug|Any CPU
		{D8BDABF3-051D-42A6-80D5-C5DAF02F795F}.Debug|x86.Build.0 = Debug|Any CPU
		{D8BDABF3-051D-42A6-80D5-C5DAF02F795F}.Release|Any CPU.ActiveCfg = Release|Any CPU
		{D8BDABF3-051D-42A6-80D5-C5DAF02F795F}.Release|Any CPU.Build.0 = Release|Any CPU
		{D8BDABF3-051D-42A6-80D5-C5DAF02F795F}.Release|x64.ActiveCfg = Release|Any CPU
		{D8BDABF3-051D-42A6-80D5-C5DAF02F795F}.Release|x64.Build.0 = Release|Any CPU
		{D8BDABF3-051D-42A6-80D5-C5DAF02F795F}.Release|x86.ActiveCfg = Release|Any CPU
		{D8BDABF3-051D-42A6-80D5-C5DAF02F795F}.Release|x86.Build.0 = Release|Any CPU
		{B8AB3CD5-BFBD-4697-966F-4C7B080DDF82}.Debug|Any CPU.ActiveCfg = Debug|Any CPU
		{B8AB3CD5-BFBD-4697-966F-4C7B080DDF82}.Debug|Any CPU.Build.0 = Debug|Any CPU
		{B8AB3CD5-BFBD-4697-966F-4C7B080DDF82}.Debug|x64.ActiveCfg = Debug|Any CPU
		{B8AB3CD5-BFBD-4697-966F-4C7B080DDF82}.Debug|x64.Build.0 = Debug|Any CPU
		{B8AB3CD5-BFBD-4697-966F-4C7B080DDF82}.Debug|x86.ActiveCfg = Debug|Any CPU
		{B8AB3CD5-BFBD-4697-966F-4C7B080DDF82}.Debug|x86.Build.0 = Debug|Any CPU
		{B8AB3CD5-BFBD-4697-966F-4C7B080DDF82}.Release|Any CPU.ActiveCfg = Release|Any CPU
		{B8AB3CD5-BFBD-4697-966F-4C7B080DDF82}.Release|Any CPU.Build.0 = Release|Any CPU
		{B8AB3CD5-BFBD-4697-966F-4C7B080DDF82}.Release|x64.ActiveCfg = Release|Any CPU
		{B8AB3CD5-BFBD-4697-966F-4C7B080DDF82}.Release|x64.Build.0 = Release|Any CPU
		{B8AB3CD5-BFBD-4697-966F-4C7B080DDF82}.Release|x86.ActiveCfg = Release|Any CPU
		{B8AB3CD5-BFBD-4697-966F-4C7B080DDF82}.Release|x86.Build.0 = Release|Any CPU
		{B64F381F-EFA5-453D-B8E9-B3D443D6D6FA}.Debug|Any CPU.ActiveCfg = Debug|Any CPU
		{B64F381F-EFA5-453D-B8E9-B3D443D6D6FA}.Debug|Any CPU.Build.0 = Debug|Any CPU
		{B64F381F-EFA5-453D-B8E9-B3D443D6D6FA}.Debug|x64.ActiveCfg = Debug|Any CPU
		{B64F381F-EFA5-453D-B8E9-B3D443D6D6FA}.Debug|x64.Build.0 = Debug|Any CPU
		{B64F381F-EFA5-453D-B8E9-B3D443D6D6FA}.Debug|x86.ActiveCfg = Debug|Any CPU
		{B64F381F-EFA5-453D-B8E9-B3D443D6D6FA}.Debug|x86.Build.0 = Debug|Any CPU
		{B64F381F-EFA5-453D-B8E9-B3D443D6D6FA}.Release|Any CPU.ActiveCfg = Release|Any CPU
		{B64F381F-EFA5-453D-B8E9-B3D443D6D6FA}.Release|Any CPU.Build.0 = Release|Any CPU
		{B64F381F-EFA5-453D-B8E9-B3D443D6D6FA}.Release|x64.ActiveCfg = Release|Any CPU
		{B64F381F-EFA5-453D-B8E9-B3D443D6D6FA}.Release|x64.Build.0 = Release|Any CPU
		{B64F381F-EFA5-453D-B8E9-B3D443D6D6FA}.Release|x86.ActiveCfg = Release|Any CPU
		{B64F381F-EFA5-453D-B8E9-B3D443D6D6FA}.Release|x86.Build.0 = Release|Any CPU
	EndGlobalSection
	GlobalSection(SolutionProperties) = preSolution
		HideSolutionNode = FALSE
	EndGlobalSection
	GlobalSection(NestedProjects) = preSolution
		{F5EE7C89-79B2-4639-AACD-A17F06A2D517} = {827E0CD3-B72D-47B6-A68D-7590B98EB39B}
		{DA353FC8-0783-4868-A23D-F21FA8607B45} = {827E0CD3-B72D-47B6-A68D-7590B98EB39B}
		{3AA59771-E085-4A9B-944B-BDFBB3FEA807} = {827E0CD3-B72D-47B6-A68D-7590B98EB39B}
		{6B020A30-7F10-47D9-8BC0-65A71C1F64A5} = {0AB3BF05-4346-4AA6-1389-037BE0695223}
		{2BEC386E-DB83-490B-B09D-036C1475FD1B} = {827E0CD3-B72D-47B6-A68D-7590B98EB39B}
		{B86CE762-47E0-4FBF-80BE-1D9709D61376} = {827E0CD3-B72D-47B6-A68D-7590B98EB39B}
		{41F3C05F-097B-4BAF-93C2-C8A309FBF37B} = {0AB3BF05-4346-4AA6-1389-037BE0695223}
		{4318B632-F4F7-40F9-A8FF-5D81E619851A} = {827E0CD3-B72D-47B6-A68D-7590B98EB39B}
		{D073641F-CE8E-4F3C-882B-0482755FCF19} = {827E0CD3-B72D-47B6-A68D-7590B98EB39B}
		{2B0DEC45-D5CF-4EF2-9996-EECCE52554CF} = {827E0CD3-B72D-47B6-A68D-7590B98EB39B}
		{D3BBDBEE-AED2-4E40-896A-56019A75A1B3} = {0AB3BF05-4346-4AA6-1389-037BE0695223}
		{D8BDABF3-051D-42A6-80D5-C5DAF02F795F} = {0AB3BF05-4346-4AA6-1389-037BE0695223}
		{B8AB3CD5-BFBD-4697-966F-4C7B080DDF82} = {827E0CD3-B72D-47B6-A68D-7590B98EB39B}
		{B64F381F-EFA5-453D-B8E9-B3D443D6D6FA} = {0AB3BF05-4346-4AA6-1389-037BE0695223}
	EndGlobalSection
EndGlobal
